// !$*UTF8*$!
{
	archiveVersion = 1;
	classes = {
	};
	objectVersion = 46;
	objects = {

/* Begin PBXBuildFile section */
		9B7143591B2756E400F56A44 /* AppDelegate.swift in Sources */ = {isa = PBXBuildFile; fileRef = 9B7143581B2756E400F56A44 /* AppDelegate.swift */; };
		9B71435B1B2756E400F56A44 /* RecordSoundsViewController.swift in Sources */ = {isa = PBXBuildFile; fileRef = 9B71435A1B2756E400F56A44 /* RecordSoundsViewController.swift */; };
		9B71435E1B2756E400F56A44 /* Main.storyboard in Resources */ = {isa = PBXBuildFile; fileRef = 9B71435C1B2756E400F56A44 /* Main.storyboard */; };
		9B7143601B2756E400F56A44 /* Images.xcassets in Resources */ = {isa = PBXBuildFile; fileRef = 9B71435F1B2756E400F56A44 /* Images.xcassets */; };
		9B7143631B2756E400F56A44 /* LaunchScreen.xib in Resources */ = {isa = PBXBuildFile; fileRef = 9B7143611B2756E400F56A44 /* LaunchScreen.xib */; };
		9B71436F1B2756E400F56A44 /* Pitch_Perfect_v1Tests.swift in Sources */ = {isa = PBXBuildFile; fileRef = 9B71436E1B2756E400F56A44 /* Pitch_Perfect_v1Tests.swift */; };
		9B7143791B275C2600F56A44 /* PlaySoundsViewController.swift in Sources */ = {isa = PBXBuildFile; fileRef = 9B7143781B275C2600F56A44 /* PlaySoundsViewController.swift */; };
		9B71437D1B2784A500F56A44 /* RecordedAudio.swift in Sources */ = {isa = PBXBuildFile; fileRef = 9B71437C1B2784A500F56A44 /* RecordedAudio.swift */; };
/* End PBXBuildFile section */

/* Begin PBXContainerItemProxy section */
		9B7143691B2756E400F56A44 /* PBXContainerItemProxy */ = {
			isa = PBXContainerItemProxy;
			containerPortal = 9B71434B1B2756E400F56A44 /* Project object */;
			proxyType = 1;
			remoteGlobalIDString = 9B7143521B2756E400F56A44;
			remoteInfo = "Pitch Perfect v1";
		};
/* End PBXContainerItemProxy section */

/* Begin PBXFileReference section */
		9B7143531B2756E400F56A44 /* Pitch Perfect v1.app */ = {isa = PBXFileReference; explicitFileType = wrapper.application; includeInIndex = 0; path = "Pitch Perfect v1.app"; sourceTree = BUILT_PRODUCTS_DIR; };
		9B7143571B2756E400F56A44 /* Info.plist */ = {isa = PBXFileReference; lastKnownFileType = text.plist.xml; path = Info.plist; sourceTree = "<group>"; };
		9B7143581B2756E400F56A44 /* AppDelegate.swift */ = {isa = PBXFileReference; lastKnownFileType = sourcecode.swift; path = AppDelegate.swift; sourceTree = "<group>"; };
		9B71435A1B2756E400F56A44 /* RecordSoundsViewController.swift */ = {isa = PBXFileReference; lastKnownFileType = sourcecode.swift; path = RecordSoundsViewController.swift; sourceTree = "<group>"; };
		9B71435D1B2756E400F56A44 /* Base */ = {isa = PBXFileReference; lastKnownFileType = file.storyboard; name = Base; path = Base.lproj/Main.storyboard; sourceTree = "<group>"; };
		9B71435F1B2756E400F56A44 /* Images.xcassets */ = {isa = PBXFileReference; lastKnownFileType = folder.assetcatalog; path = Images.xcassets; sourceTree = "<group>"; };
		9B7143621B2756E400F56A44 /* Base */ = {isa = PBXFileReference; lastKnownFileType = file.xib; name = Base; path = Base.lproj/LaunchScreen.xib; sourceTree = "<group>"; };
		9B7143681B2756E400F56A44 /* Pitch Perfect v1Tests.xctest */ = {isa = PBXFileReference; explicitFileType = wrapper.cfbundle; includeInIndex = 0; path = "Pitch Perfect v1Tests.xctest"; sourceTree = BUILT_PRODUCTS_DIR; };
		9B71436D1B2756E400F56A44 /* Info.plist */ = {isa = PBXFileReference; lastKnownFileType = text.plist.xml; path = Info.plist; sourceTree = "<group>"; };
		9B71436E1B2756E400F56A44 /* Pitch_Perfect_v1Tests.swift */ = {isa = PBXFileReference; lastKnownFileType = sourcecode.swift; path = Pitch_Perfect_v1Tests.swift; sourceTree = "<group>"; };
		9B7143781B275C2600F56A44 /* PlaySoundsViewController.swift */ = {isa = PBXFileReference; fileEncoding = 4; lastKnownFileType = sourcecode.swift; path = PlaySoundsViewController.swift; sourceTree = "<group>"; };
		9B71437C1B2784A500F56A44 /* RecordedAudio.swift */ = {isa = PBXFileReference; fileEncoding = 4; lastKnownFileType = sourcecode.swift; path = RecordedAudio.swift; sourceTree = "<group>"; };
/* End PBXFileReference section */

/* Begin PBXFrameworksBuildPhase section */
		9B7143501B2756E400F56A44 /* Frameworks */ = {
			isa = PBXFrameworksBuildPhase;
			buildActionMask = 2147483647;
			files = (
			);
			runOnlyForDeploymentPostprocessing = 0;
		};
		9B7143651B2756E400F56A44 /* Frameworks */ = {
			isa = PBXFrameworksBuildPhase;
			buildActionMask = 2147483647;
			files = (
			);
			runOnlyForDeploymentPostprocessing = 0;
		};
/* End PBXFrameworksBuildPhase section */

/* Begin PBXGroup section */
		9B71434A1B2756E400F56A44 = {
			isa = PBXGroup;
			children = (
				9B7143551B2756E400F56A44 /* Pitch Perfect v1 */,
				9B71436B1B2756E400F56A44 /* Pitch Perfect v1Tests */,
				9B7143541B2756E400F56A44 /* Products */,
			);
			sourceTree = "<group>";
		};
		9B7143541B2756E400F56A44 /* Products */ = {
			isa = PBXGroup;
			children = (
				9B7143531B2756E400F56A44 /* Pitch Perfect v1.app */,
				9B7143681B2756E400F56A44 /* Pitch Perfect v1Tests.xctest */,
			);
			name = Products;
			sourceTree = "<group>";
		};
		9B7143551B2756E400F56A44 /* Pitch Perfect v1 */ = {
			isa = PBXGroup;
			children = (
				9B7143781B275C2600F56A44 /* PlaySoundsViewController.swift */,
				9B7143581B2756E400F56A44 /* AppDelegate.swift */,
				9B71435A1B2756E400F56A44 /* RecordSoundsViewController.swift */,
				9B71437C1B2784A500F56A44 /* RecordedAudio.swift */,
				9B71435C1B2756E400F56A44 /* Main.storyboard */,
				9B71435F1B2756E400F56A44 /* Images.xcassets */,
				9B7143611B2756E400F56A44 /* LaunchScreen.xib */,
				9B7143561B2756E400F56A44 /* Supporting Files */,
			);
			path = "Pitch Perfect v1";
			sourceTree = "<group>";
		};
		9B7143561B2756E400F56A44 /* Supporting Files */ = {
			isa = PBXGroup;
			children = (
				9B7143571B2756E400F56A44 /* Info.plist */,
			);
			name = "Supporting Files";
			sourceTree = "<group>";
		};
		9B71436B1B2756E400F56A44 /* Pitch Perfect v1Tests */ = {
			isa = PBXGroup;
			children = (
				9B71436E1B2756E400F56A44 /* Pitch_Perfect_v1Tests.swift */,
				9B71436C1B2756E400F56A44 /* Supporting Files */,
			);
			path = "Pitch Perfect v1Tests";
			sourceTree = "<group>";
		};
		9B71436C1B2756E400F56A44 /* Supporting Files */ = {
			isa = PBXGroup;
			children = (
				9B71436D1B2756E400F56A44 /* Info.plist */,
			);
			name = "Supporting Files";
			sourceTree = "<group>";
		};
/* End PBXGroup section */

/* Begin PBXNativeTarget section */
		9B7143521B2756E400F56A44 /* Pitch Perfect v1 */ = {
			isa = PBXNativeTarget;
			buildConfigurationList = 9B7143721B2756E400F56A44 /* Build configuration list for PBXNativeTarget "Pitch Perfect v1" */;
			buildPhases = (
				9B71434F1B2756E400F56A44 /* Sources */,
				9B7143501B2756E400F56A44 /* Frameworks */,
				9B7143511B2756E400F56A44 /* Resources */,
			);
			buildRules = (
			);
			dependencies = (
			);
			name = "Pitch Perfect v1";
			productName = "Pitch Perfect v1";
			productReference = 9B7143531B2756E400F56A44 /* Pitch Perfect v1.app */;
			productType = "com.apple.product-type.application";
		};
		9B7143671B2756E400F56A44 /* Pitch Perfect v1Tests */ = {
			isa = PBXNativeTarget;
			buildConfigurationList = 9B7143751B2756E400F56A44 /* Build configuration list for PBXNativeTarget "Pitch Perfect v1Tests" */;
			buildPhases = (
				9B7143641B2756E400F56A44 /* Sources */,
				9B7143651B2756E400F56A44 /* Frameworks */,
				9B7143661B2756E400F56A44 /* Resources */,
			);
			buildRules = (
			);
			dependencies = (
				9B71436A1B2756E400F56A44 /* PBXTargetDependency */,
			);
			name = "Pitch Perfect v1Tests";
			productName = "Pitch Perfect v1Tests";
			productReference = 9B7143681B2756E400F56A44 /* Pitch Perfect v1Tests.xctest */;
			productType = "com.apple.product-type.bundle.unit-test";
		};
/* End PBXNativeTarget section */

/* Begin PBXProject section */
		9B71434B1B2756E400F56A44 /* Project object */ = {
			isa = PBXProject;
			attributes = {
				LastUpgradeCheck = 0630;
				ORGANIZATIONNAME = "Todd Stephens";
				TargetAttributes = {
					9B7143521B2756E400F56A44 = {
						CreatedOnToolsVersion = 6.3.2;
						DevelopmentTeam = UQWY87A32S;
					};
					9B7143671B2756E400F56A44 = {
						CreatedOnToolsVersion = 6.3.2;
						TestTargetID = 9B7143521B2756E400F56A44;
					};
				};
			};
			buildConfigurationList = 9B71434E1B2756E400F56A44 /* Build configuration list for PBXProject "Pitch Perfect v1" */;
			compatibilityVersion = "Xcode 3.2";
			developmentRegion = English;
			hasScannedForEncodings = 0;
			knownRegions = (
				en,
				Base,
			);
			mainGroup = 9B71434A1B2756E400F56A44;
			productRefGroup = 9B7143541B2756E400F56A44 /* Products */;
			projectDirPath = "";
			projectRoot = "";
			targets = (
				9B7143521B2756E400F56A44 /* Pitch Perfect v1 */,
				9B7143671B2756E400F56A44 /* Pitch Perfect v1Tests */,
			);
		};
/* End PBXProject section */

/* Begin PBXResourcesBuildPhase section */
		9B7143511B2756E400F56A44 /* Resources */ = {
			isa = PBXResourcesBuildPhase;
			buildActionMask = 2147483647;
			files = (
				9B71435E1B2756E400F56A44 /* Main.storyboard in Resources */,
				9B7143631B2756E400F56A44 /* LaunchScreen.xib in Resources */,
				9B7143601B2756E400F56A44 /* Images.xcassets in Resources */,
			);
			runOnlyForDeploymentPostprocessing = 0;
		};
		9B7143661B2756E400F56A44 /* Resources */ = {
			isa = PBXResourcesBuildPhase;
			buildActionMask = 2147483647;
			files = (
			);
			runOnlyForDeploymentPostprocessing = 0;
		};
/* End PBXResourcesBuildPhase section */

/* Begin PBXSourcesBuildPhase section */
		9B71434F1B2756E400F56A44 /* Sources */ = {
			isa = PBXSourcesBuildPhase;
			buildActionMask = 2147483647;
			files = (
				9B71437D1B2784A500F56A44 /* RecordedAudio.swift in Sources */,
				9B71435B1B2756E400F56A44 /* RecordSoundsViewController.swift in Sources */,
				9B7143791B275C2600F56A44 /* PlaySoundsViewController.swift in Sources */,
				9B7143591B2756E400F56A44 /* AppDelegate.swift in Sources */,
			);
			runOnlyForDeploymentPostprocessing = 0;
		};
		9B7143641B2756E400F56A44 /* Sources */ = {
			isa = PBXSourcesBuildPhase;
			buildActionMask = 2147483647;
			files = (
				9B71436F1B2756E400F56A44 /* Pitch_Perfect_v1Tests.swift in Sources */,
			);
			runOnlyForDeploymentPostprocessing = 0;
		};
/* End PBXSourcesBuildPhase section */

/* Begin PBXTargetDependency section */
		9B71436A1B2756E400F56A44 /* PBXTargetDependency */ = {
			isa = PBXTargetDependency;
			target = 9B7143521B2756E400F56A44 /* Pitch Perfect v1 */;
			targetProxy = 9B7143691B2756E400F56A44 /* PBXContainerItemProxy */;
		};
/* End PBXTargetDependency section */

/* Begin PBXVariantGroup section */
		9B71435C1B2756E400F56A44 /* Main.storyboard */ = {
			isa = PBXVariantGroup;
			children = (
				9B71435D1B2756E400F56A44 /* Base */,
			);
			name = Main.storyboard;
			sourceTree = "<group>";
		};
		9B7143611B2756E400F56A44 /* LaunchScreen.xib */ = {
			isa = PBXVariantGroup;
			children = (
				9B7143621B2756E400F56A44 /* Base */,
			);
			name = LaunchScreen.xib;
			sourceTree = "<group>";
		};
/* End PBXVariantGroup section */

/* Begin XCBuildConfiguration section */
		9B7143701B2756E400F56A44 /* Debug */ = {
			isa = XCBuildConfiguration;
			buildSettings = {
				ALWAYS_SEARCH_USER_PATHS = NO;
				CLANG_CXX_LANGUAGE_STANDARD = "gnu++0x";
				CLANG_CXX_LIBRARY = "libc++";
				CLANG_ENABLE_MODULES = YES;
				CLANG_ENABLE_OBJC_ARC = YES;
				CLANG_WARN_BOOL_CONVERSION = YES;
				CLANG_WARN_CONSTANT_CONVERSION = YES;
				CLANG_WARN_DIRECT_OBJC_ISA_USAGE = YES_ERROR;
				CLANG_WARN_EMPTY_BODY = YES;
				CLANG_WARN_ENUM_CONVERSION = YES;
				CLANG_WARN_INT_CONVERSION = YES;
				CLANG_WARN_OBJC_ROOT_CLASS = YES_ERROR;
				CLANG_WARN_UNREACHABLE_CODE = YES;
				CLANG_WARN__DUPLICATE_METHOD_MATCH = YES;
				"CODE_SIGN_IDENTITY[sdk=iphoneos*]" = "iPhone Developer";
				COPY_PHASE_STRIP = NO;
				DEBUG_INFORMATION_FORMAT = "dwarf-with-dsym";
				ENABLE_STRICT_OBJC_MSGSEND = YES;
				GCC_C_LANGUAGE_STANDARD = gnu99;
				GCC_DYNAMIC_NO_PIC = NO;
				GCC_NO_COMMON_BLOCKS = YES;
				GCC_OPTIMIZATION_LEVEL = 0;
				GCC_PREPROCESSOR_DEFINITIONS = (
					"DEBUG=1",
					"$(inherited)",
				);
				GCC_SYMBOLS_PRIVATE_EXTERN = NO;
				GCC_WARN_64_TO_32_BIT_CONVERSION = YES;
				GCC_WARN_ABOUT_RETURN_TYPE = YES_ERROR;
				GCC_WARN_UNDECLARED_SELECTOR = YES;
				GCC_WARN_UNINITIALIZED_AUTOS = YES_AGGRESSIVE;
				GCC_WARN_UNUSED_FUNCTION = YES;
				GCC_WARN_UNUSED_VARIABLE = YES;
				IPHONEOS_DEPLOYMENT_TARGET = 8.3;
				MTL_ENABLE_DEBUG_INFO = YES;
				ONLY_ACTIVE_ARCH = YES;
				SDKROOT = iphoneos;
				SWIFT_OPTIMIZATION_LEVEL = "-Onone";
			};
			name = Debug;
		};
		9B7143711B2756E400F56A44 /* Release */ = {
			isa = XCBuildConfiguration;
			buildSettings = {
				ALWAYS_SEARCH_USER_PATHS = NO;
				CLANG_CXX_LANGUAGE_STANDARD = "gnu++0x";
				CLANG_CXX_LIBRARY = "libc++";
				CLANG_ENABLE_MODULES = YES;
				CLANG_ENABLE_OBJC_ARC = YES;
				CLANG_WARN_BOOL_CONVERSION = YES;
				CLANG_WARN_CONSTANT_CONVERSION = YES;
				CLANG_WARN_DIRECT_OBJC_ISA_USAGE = YES_ERROR;
				CLANG_WARN_EMPTY_BODY = YES;
				CLANG_WARN_ENUM_CONVERSION = YES;
				CLANG_WARN_INT_CONVERSION = YES;
				CLANG_WARN_OBJC_ROOT_CLASS = YES_ERROR;
				CLANG_WARN_UNREACHABLE_CODE = YES;
				CLANG_WARN__DUPLICATE_METHOD_MATCH = YES;
				"CODE_SIGN_IDENTITY[sdk=iphoneos*]" = "iPhone Developer";
				COPY_PHASE_STRIP = NO;
				DEBUG_INFORMATION_FORMAT = "dwarf-with-dsym";
				ENABLE_NS_ASSERTIONS = NO;
				ENABLE_STRICT_OBJC_MSGSEND = YES;
				GCC_C_LANGUAGE_STANDARD = gnu99;
				GCC_NO_COMMON_BLOCKS = YES;
				GCC_WARN_64_TO_32_BIT_CONVERSION = YES;
				GCC_WARN_ABOUT_RETURN_TYPE = YES_ERROR;
				GCC_WARN_UNDECLARED_SELECTOR = YES;
				GCC_WARN_UNINITIALIZED_AUTOS = YES_AGGRESSIVE;
				GCC_WARN_UNUSED_FUNCTION = YES;
				GCC_WARN_UNUSED_VARIABLE = YES;
				IPHONEOS_DEPLOYMENT_TARGET = 8.3;
				MTL_ENABLE_DEBUG_INFO = NO;
				SDKROOT = iphoneos;
				VALIDATE_PRODUCT = YES;
			};
			name = Release;
		};
		9B7143731B2756E400F56A44 /* Debug */ = {
			isa = XCBuildConfiguration;
			buildSettings = {
				ASSETCATALOG_COMPILER_APPICON_NAME = AppIcon;
				CODE_SIGN_IDENTITY = "iPhone Developer";
				"CODE_SIGN_IDENTITY[sdk=iphoneos*]" = "iPhone Developer";
				INFOPLIST_FILE = "Pitch Perfect v1/Info.plist";
				LD_RUNPATH_SEARCH_PATHS = "$(inherited) @executable_path/Frameworks";
				PRODUCT_NAME = "$(TARGET_NAME)";
				PROVISIONING_PROFILE = "";
			};
			name = Debug;
		};
		9B7143741B2756E400F56A44 /* Release */ = {
			isa = XCBuildConfiguration;
			buildSettings = {
				ASSETCATALOG_COMPILER_APPICON_NAME = AppIcon;
				CODE_SIGN_IDENTITY = "iPhone Developer";
				"CODE_SIGN_IDENTITY[sdk=iphoneos*]" = "iPhone Developer";
				INFOPLIST_FILE = "Pitch Perfect v1/Info.plist";
				LD_RUNPATH_SEARCH_PATHS = "$(inherited) @executable_path/Frameworks";
				PRODUCT_NAME = "$(TARGET_NAME)";
				PROVISIONING_PROFILE = "";
			};
			name = Release;
		};
		9B7143761B2756E400F56A44 /* Debug */ = {
			isa = XCBuildConfiguration;
			buildSettings = {
				BUNDLE_LOADER = "$(TEST_HOST)";
				FRAMEWORK_SEARCH_PATHS = (
					"$(SDKROOT)/Developer/Library/Frameworks",
					"$(inherited)",
				);
				GCC_PREPROCESSOR_DEFINITIONS = (
					"DEBUG=1",
					"$(inherited)",
				);
				INFOPLIST_FILE = "Pitch Perfect v1Tests/Info.plist";
				LD_RUNPATH_SEARCH_PATHS = "$(inherited) @executable_path/Frameworks @loader_path/Frameworks";
				PRODUCT_NAME = "$(TARGET_NAME)";
				TEST_HOST = "$(BUILT_PRODUCTS_DIR)/Pitch Perfect v1.app/Pitch Perfect v1";
			};
			name = Debug;
		};
		9B7143771B2756E400F56A44 /* Release */ = {
			isa = XCBuildConfiguration;
			buildSettings = {
				BUNDLE_LOADER = "$(TEST_HOST)";
				FRAMEWORK_SEARCH_PATHS = (
					"$(SDKROOT)/Developer/Library/Frameworks",
					"$(inherited)",
				);
				INFOPLIST_FILE = "Pitch Perfect v1Tests/Info.plist";
				LD_RUNPATH_SEARCH_PATHS = "$(inherited) @executable_path/Frameworks @loader_path/Frameworks";
				PRODUCT_NAME = "$(TARGET_NAME)";
				TEST_HOST = "$(BUILT_PRODUCTS_DIR)/Pitch Perfect v1.app/Pitch Perfect v1";
			};
			name = Release;
		};
/* End XCBuildConfiguration section */

/* Begin XCConfigurationList section */
		9B71434E1B2756E400F56A44 /* Build configuration list for PBXProject "Pitch Perfect v1" */ = {
			isa = XCConfigurationList;
			buildConfigurations = (
				9B7143701B2756E400F56A44 /* Debug */,
				9B7143711B2756E400F56A44 /* Release */,
			);
			defaultConfigurationIsVisible = 0;
			defaultConfigurationName = Release;
		};
		9B7143721B2756E400F56A44 /* Build configuration list for PBXNativeTarget "Pitch Perfect v1" */ = {
			isa = XCConfigurationList;
			buildConfigurations = (
				9B7143731B2756E400F56A44 /* Debug */,
				9B7143741B2756E400F56A44 /* Release */,
			);
			defaultConfigurationIsVisible = 0;
			defaultConfigurationName = Release;
		};
		9B7143751B2756E400F56A44 /* Build configuration list for PBXNativeTarget "Pitch Perfect v1Tests" */ = {
			isa = XCConfigurationList;
			buildConfigurations = (
				9B7143761B2756E400F56A44 /* Debug */,
				9B7143771B2756E400F56A44 /* Release */,
			);
			defaultConfigurationIsVisible = 0;
			defaultConfigurationName = Release;
		};
/* End XCConfigurationList section */
	};
	rootObject = 9B71434B1B2756E400F56A44 /* Project object */;
}
